
Microsoft Visual Studio Solution File, Format Version 12.00
# Visual Studio 15
Project("{FAE04EC0-301F-11D3-BF4B-00C04F79EFBC}") = "Assembly-CSharp", "Assembly-CSharp.csproj", "{26FE491A-D318-48F9-1609-64ACA0E2C0FC}"
EndProject
Project("{FAE04EC0-301F-11D3-BF4B-00C04F79EFBC}") = "Assembly-CSharp-firstpass", "Assembly-CSharp-firstpass.csproj", "{4239FD1D-C025-7FB1-AD8D-92E040053A88}"
EndProject
Project("{FAE04EC0-301F-11D3-BF4B-00C04F79EFBC}") = "Assembly-CSharp-Editor", "Assembly-CSharp-Editor.csproj", "{B3290F52-85AA-B5CC-E08B-FE64F8323F61}"
EndProject
Global
	GlobalSection(SolutionConfigurationPlatforms) = preSolution
		Debug|Any CPU = Debug|Any CPU
		Release|Any CPU = Release|Any CPU
	EndGlobalSection
	GlobalSection(ProjectConfigurationPlatforms) = postSolution
		{26FE491A-D318-48F9-1609-64ACA0E2C0FC}.Debug|Any CPU.ActiveCfg = Debug|Any CPU
		{26FE491A-D318-48F9-1609-64ACA0E2C0FC}.Debug|Any CPU.Build.0 = Debug|Any CPU
		{26FE491A-D318-48F9-1609-64ACA0E2C0FC}.Release|Any CPU.ActiveCfg = Release|Any CPU
		{26FE491A-D318-48F9-1609-64ACA0E2C0FC}.Release|Any CPU.Build.0 = Release|Any CPU
		{4239FD1D-C025-7FB1-AD8D-92E040053A88}.Debug|Any CPU.ActiveCfg = Debug|Any CPU
		{4239FD1D-C025-7FB1-AD8D-92E040053A88}.Debug|Any CPU.Build.0 = Debug|Any CPU
		{4239FD1D-C025-7FB1-AD8D-92E040053A88}.Release|Any CPU.ActiveCfg = Release|Any CPU
		{4239FD1D-C025-7FB1-AD8D-92E040053A88}.Release|Any CPU.Build.0 = Release|Any CPU
		{B3290F52-85AA-B5CC-E08B-FE64F8323F61}.Debug|Any CPU.ActiveCfg = Debug|Any CPU
		{B3290F52-85AA-B5CC-E08B-FE64F8323F61}.Debug|Any CPU.Build.0 = Debug|Any CPU
		{B3290F52-85AA-B5CC-E08B-FE64F8323F61}.Release|Any CPU.ActiveCfg = Release|Any CPU
		{B3290F52-85AA-B5CC-E08B-FE64F8323F61}.Release|Any CPU.Build.0 = Release|Any CPU
	EndGlobalSection
	GlobalSection(SolutionProperties) = preSolution
		HideSolutionNode = FALSE
	EndGlobalSection
EndGlobal
